{
  "requires": true,
  "lockfileVersion": 1,
  "dependencies": {
    "react-native-maps-google": {
      "version": "1.1.4",
      "resolved": "https://registry.npmjs.org/react-native-maps-google/-/react-native-maps-google-1.1.4.tgz",
      "integrity": "sha1-CnynMp0rMTFhhJQ4La1MQqCR2TM="
    }
  }
}
